
Microsoft Visual Studio Solution File, Format Version 11.00
# Visual Studio 2010
Project("{FAE04EC0-301F-11D3-BF4B-00C04F79EFBC}") = "BuildingBlocks.Tridion2011Extensions.CodeMirror", "BuildingBlocks.Tridion2011Extensions.CodeMirror\BuildingBlocks.Tridion2011Extensions.CodeMirror.csproj", "{45B79000-20BC-41BA-A9F5-E38E08D7162F}"
EndProject
Global
	GlobalSection(SolutionConfigurationPlatforms) = preSolution
		Debug|Any CPU = Debug|Any CPU
		Release|Any CPU = Release|Any CPU
	EndGlobalSection
	GlobalSection(ProjectConfigurationPlatforms) = postSolution
		{45B79000-20BC-41BA-A9F5-E38E08D7162F}.Debug|Any CPU.ActiveCfg = Debug|Any CPU
		{45B79000-20BC-41BA-A9F5-E38E08D7162F}.Debug|Any CPU.Build.0 = Debug|Any CPU
		{45B79000-20BC-41BA-A9F5-E38E08D7162F}.Release|Any CPU.ActiveCfg = Release|Any CPU
		{45B79000-20BC-41BA-A9F5-E38E08D7162F}.Release|Any CPU.Build.0 = Release|Any CPU
	EndGlobalSection
	GlobalSection(SolutionProperties) = preSolution
		HideSolutionNode = FALSE
	EndGlobalSection
EndGlobal
